
Microsoft Visual Studio Solution File, Format Version 12.00
# Visual Studio 15
VisualStudioVersion = 15.0.26124.0
MinimumVisualStudioVersion = 15.0.26124.0
Project("{2150E333-8FDC-42A3-9474-1A3956D46DE8}") = "src", "src", "{60FA1CDE-1976-4B3C-B7C5-C2C8EB7B9357}"
EndProject
Project("{FAE04EC0-301F-11D3-BF4B-00C04F79EFBC}") = "MvcCommands", "src\MvcCommands\MvcCommands.csproj", "{FA04EA5F-155A-4C91-B22C-1D5971F0CD97}"
EndProject
Global
	GlobalSection(SolutionConfigurationPlatforms) = preSolution
		Debug|Any CPU = Debug|Any CPU
		Debug|x64 = Debug|x64
		Debug|x86 = Debug|x86
		Release|Any CPU = Release|Any CPU
		Release|x64 = Release|x64
		Release|x86 = Release|x86
	EndGlobalSection
	GlobalSection(SolutionProperties) = preSolution
		HideSolutionNode = FALSE
	EndGlobalSection
	GlobalSection(ProjectConfigurationPlatforms) = postSolution
		{FA04EA5F-155A-4C91-B22C-1D5971F0CD97}.Debug|Any CPU.ActiveCfg = Debug|Any CPU
		{FA04EA5F-155A-4C91-B22C-1D5971F0CD97}.Debug|Any CPU.Build.0 = Debug|Any CPU
		{FA04EA5F-155A-4C91-B22C-1D5971F0CD97}.Debug|x64.ActiveCfg = Debug|Any CPU
		{FA04EA5F-155A-4C91-B22C-1D5971F0CD97}.Debug|x64.Build.0 = Debug|Any CPU
		{FA04EA5F-155A-4C91-B22C-1D5971F0CD97}.Debug|x86.ActiveCfg = Debug|Any CPU
		{FA04EA5F-155A-4C91-B22C-1D5971F0CD97}.Debug|x86.Build.0 = Debug|Any CPU
		{FA04EA5F-155A-4C91-B22C-1D5971F0CD97}.Release|Any CPU.ActiveCfg = Release|Any CPU
		{FA04EA5F-155A-4C91-B22C-1D5971F0CD97}.Release|Any CPU.Build.0 = Release|Any CPU
		{FA04EA5F-155A-4C91-B22C-1D5971F0CD97}.Release|x64.ActiveCfg = Release|Any CPU
		{FA04EA5F-155A-4C91-B22C-1D5971F0CD97}.Release|x64.Build.0 = Release|Any CPU
		{FA04EA5F-155A-4C91-B22C-1D5971F0CD97}.Release|x86.ActiveCfg = Release|Any CPU
		{FA04EA5F-155A-4C91-B22C-1D5971F0CD97}.Release|x86.Build.0 = Release|Any CPU
	EndGlobalSection
	GlobalSection(NestedProjects) = preSolution
		{FA04EA5F-155A-4C91-B22C-1D5971F0CD97} = {60FA1CDE-1976-4B3C-B7C5-C2C8EB7B9357}
	EndGlobalSection
EndGlobal
